
Microsoft Visual Studio Solution File, Format Version 12.00
# Visual Studio 15
VisualStudioVersion = 15.0.28010.2041
MinimumVisualStudioVersion = 10.0.40219.1
Project("{9A19103F-16F7-4668-BE54-9A1E7A4F7556}") = "StatisticsCounter", "StatisticsCounter\StatisticsCounter.csproj", "{3B5512E6-40FF-499D-8A46-CDEDEBDD4901}"
EndProject
Global
	GlobalSection(SolutionConfigurationPlatforms) = preSolution
		Debug|Any CPU = Debug|Any CPU
		Release|Any CPU = Release|Any CPU
	EndGlobalSection
	GlobalSection(ProjectConfigurationPlatforms) = postSolution
		{3B5512E6-40FF-499D-8A46-CDEDEBDD4901}.Debug|Any CPU.ActiveCfg = Debug|Any CPU
		{3B5512E6-40FF-499D-8A46-CDEDEBDD4901}.Debug|Any CPU.Build.0 = Debug|Any CPU
		{3B5512E6-40FF-499D-8A46-CDEDEBDD4901}.Release|Any CPU.ActiveCfg = Release|Any CPU
		{3B5512E6-40FF-499D-8A46-CDEDEBDD4901}.Release|Any CPU.Build.0 = Release|Any CPU
	EndGlobalSection
	GlobalSection(SolutionProperties) = preSolution
		HideSolutionNode = FALSE
	EndGlobalSection
	GlobalSection(ExtensibilityGlobals) = postSolution
		SolutionGuid = {1EBAF082-B63B-44AD-A040-9F2BAC783D53}
	EndGlobalSection
EndGlobal
